
Microsoft Visual Studio Solution File, Format Version 12.00
# Visual Studio Version 17
VisualStudioVersion = 17.5.33627.172
MinimumVisualStudioVersion = 10.0.40219.1
Project("{FAE04EC0-301F-11D3-BF4B-00C04F79EFBC}") = "AracListesi", "AracListesi.csproj", "{7F3D584D-7879-42B1-AACA-EEDC5AB029E3}"
EndProject
Global
	GlobalSection(SolutionConfigurationPlatforms) = preSolution
		Debug|Any CPU = Debug|Any CPU
		Release|Any CPU = Release|Any CPU
	EndGlobalSection
	GlobalSection(ProjectConfigurationPlatforms) = postSolution
		{7F3D584D-7879-42B1-AACA-EEDC5AB029E3}.Debug|Any CPU.ActiveCfg = Debug|Any CPU
		{7F3D584D-7879-42B1-AACA-EEDC5AB029E3}.Debug|Any CPU.Build.0 = Debug|Any CPU
		{7F3D584D-7879-42B1-AACA-EEDC5AB029E3}.Release|Any CPU.ActiveCfg = Release|Any CPU
		{7F3D584D-7879-42B1-AACA-EEDC5AB029E3}.Release|Any CPU.Build.0 = Release|Any CPU
	EndGlobalSection
	GlobalSection(SolutionProperties) = preSolution
		HideSolutionNode = FALSE
	EndGlobalSection
	GlobalSection(ExtensibilityGlobals) = postSolution
		SolutionGuid = {245DD309-B482-4973-BDF7-A057DCC5A184}
	EndGlobalSection
EndGlobal
